[{<<"csv">>,
  {git,"https://github.com/isaksamsten/erlang-csv.git",
       {ref,"253d2dd4da23b9245d4494d18d7198e1a5fceef9"}},
  0},
 {<<"lfe">>,
  {git,"http://github.com/rvirding/lfe",
       {ref,"a814082c83b2e2987df18f9d86a3bf47a30bb6fb"}},
  0},
 {<<"uuid">>,
  {git,"https://github.com/prokopiy/lfe-uuid.git",
       {ref,"b25b070b89b924b8fffd78e6b2c73e3caae85d18"}},
  0}].
